// !$*UTF8*$!
{
	archiveVersion = 1;
	classes = {
	};
	objectVersion = 46;
	objects = {

/* Begin PBXBuildFile section */
		B45753CF19EADF8A0037C124 /* MainTabBarController.m in Sources */ = {isa = PBXBuildFile; fileRef = B45753CE19EADF8A0037C124 /* MainTabBarController.m */; };
		B45753D219EAE0100037C124 /* AmigosViewController.m in Sources */ = {isa = PBXBuildFile; fileRef = B45753D119EAE0100037C124 /* AmigosViewController.m */; };
		B45753D519EAE0480037C124 /* AerolineaViewController.m in Sources */ = {isa = PBXBuildFile; fileRef = B45753D419EAE0480037C124 /* AerolineaViewController.m */; };
		B45753D819EAE0640037C124 /* FechasViewController.m in Sources */ = {isa = PBXBuildFile; fileRef = B45753D719EAE0640037C124 /* FechasViewController.m */; };
		B457540F19EAE6840037C124 /* calendar02@2x.png in Resources */ = {isa = PBXBuildFile; fileRef = B457540E19EAE6840037C124 /* calendar02@2x.png */; };
		B457541119EAE69D0037C124 /* man01@2x.png in Resources */ = {isa = PBXBuildFile; fileRef = B457541019EAE69D0037C124 /* man01@2x.png */; };
		B457541319EAE6C50037C124 /* search01@2x.png in Resources */ = {isa = PBXBuildFile; fileRef = B457541219EAE6C50037C124 /* search01@2x.png */; };
		B457541A19EAF7150037C124 /* Amiga1.png in Resources */ = {isa = PBXBuildFile; fileRef = B457541419EAF7150037C124 /* Amiga1.png */; };
		B457541B19EAF7150037C124 /* Amiga2.png in Resources */ = {isa = PBXBuildFile; fileRef = B457541519EAF7150037C124 /* Amiga2.png */; };
		B457541C19EAF7150037C124 /* Amiga3.jpg in Resources */ = {isa = PBXBuildFile; fileRef = B457541619EAF7150037C124 /* Amiga3.jpg */; };
		B457541D19EAF7150037C124 /* Amigo1.jpg in Resources */ = {isa = PBXBuildFile; fileRef = B457541719EAF7150037C124 /* Amigo1.jpg */; };
		B457541E19EAF7150037C124 /* Amigo2.jpg in Resources */ = {isa = PBXBuildFile; fileRef = B457541819EAF7150037C124 /* Amigo2.jpg */; };
		B457541F19EAF7150037C124 /* Amigo3.jpg in Resources */ = {isa = PBXBuildFile; fileRef = B457541919EAF7150037C124 /* Amigo3.jpg */; };
		B457542219EAFA880037C124 /* Declarations.m in Sources */ = {isa = PBXBuildFile; fileRef = B457542119EAFA880037C124 /* Declarations.m */; };
		B457542519EAFB8C0037C124 /* cellFriend.m in Sources */ = {isa = PBXBuildFile; fileRef = B457542419EAFB8C0037C124 /* cellFriend.m */; };
		B457542719EB2E2E0037C124 /* Amigos.jpg in Resources */ = {isa = PBXBuildFile; fileRef = B457542619EB2E2E0037C124 /* Amigos.jpg */; };
		B49978D719ECEE6C00170E1D /* aeromexico.png in Resources */ = {isa = PBXBuildFile; fileRef = B49978D619ECEE6C00170E1D /* aeromexico.png */; };
		B49978D919ECEE9E00170E1D /* interjet.jpg in Resources */ = {isa = PBXBuildFile; fileRef = B49978D819ECEE9E00170E1D /* interjet.jpg */; };
		B49978DB19ECEEC200170E1D /* vivaaero.png in Resources */ = {isa = PBXBuildFile; fileRef = B49978DA19ECEEC200170E1D /* vivaaero.png */; };
		B49978DD19ECEEDA00170E1D /* volaris.jpg in Resources */ = {isa = PBXBuildFile; fileRef = B49978DC19ECEEDA00170E1D /* volaris.jpg */; };
		B4FA628319EADE5A007C0AFC /* Foundation.framework in Frameworks */ = {isa = PBXBuildFile; fileRef = B4FA628219EADE5A007C0AFC /* Foundation.framework */; };
		B4FA628519EADE5A007C0AFC /* CoreGraphics.framework in Frameworks */ = {isa = PBXBuildFile; fileRef = B4FA628419EADE5A007C0AFC /* CoreGraphics.framework */; };
		B4FA628719EADE5A007C0AFC /* UIKit.framework in Frameworks */ = {isa = PBXBuildFile; fileRef = B4FA628619EADE5A007C0AFC /* UIKit.framework */; };
		B4FA628D19EADE5A007C0AFC /* InfoPlist.strings in Resources */ = {isa = PBXBuildFile; fileRef = B4FA628B19EADE5A007C0AFC /* InfoPlist.strings */; };
		B4FA628F19EADE5A007C0AFC /* main.m in Sources */ = {isa = PBXBuildFile; fileRef = B4FA628E19EADE5A007C0AFC /* main.m */; };
		B4FA629319EADE5B007C0AFC /* AppDelegate.m in Sources */ = {isa = PBXBuildFile; fileRef = B4FA629219EADE5B007C0AFC /* AppDelegate.m */; };
		B4FA629619EADE5B007C0AFC /* Main.storyboard in Resources */ = {isa = PBXBuildFile; fileRef = B4FA629419EADE5B007C0AFC /* Main.storyboard */; };
		B4FA629B19EADE5B007C0AFC /* Images.xcassets in Resources */ = {isa = PBXBuildFile; fileRef = B4FA629A19EADE5B007C0AFC /* Images.xcassets */; };
		B4FA62A219EADE5B007C0AFC /* XCTest.framework in Frameworks */ = {isa = PBXBuildFile; fileRef = B4FA62A119EADE5B007C0AFC /* XCTest.framework */; };
		B4FA62A319EADE5B007C0AFC /* Foundation.framework in Frameworks */ = {isa = PBXBuildFile; fileRef = B4FA628219EADE5A007C0AFC /* Foundation.framework */; };
		B4FA62A419EADE5B007C0AFC /* UIKit.framework in Frameworks */ = {isa = PBXBuildFile; fileRef = B4FA628619EADE5A007C0AFC /* UIKit.framework */; };
		B4FA62AC19EADE5B007C0AFC /* InfoPlist.strings in Resources */ = {isa = PBXBuildFile; fileRef = B4FA62AA19EADE5B007C0AFC /* InfoPlist.strings */; };
		B4FA62AE19EADE5B007C0AFC /* Lab3Tests.m in Sources */ = {isa = PBXBuildFile; fileRef = B4FA62AD19EADE5B007C0AFC /* Lab3Tests.m */; };
/* End PBXBuildFile section */

/* Begin PBXContainerItemProxy section */
		B4FA62A519EADE5B007C0AFC /* PBXContainerItemProxy */ = {
			isa = PBXContainerItemProxy;
			containerPortal = B4FA627719EADE5A007C0AFC /* Project object */;
			proxyType = 1;
			remoteGlobalIDString = B4FA627E19EADE5A007C0AFC;
			remoteInfo = Lab3;
		};
/* End PBXContainerItemProxy section */

/* Begin PBXFileReference section */
		B45753CD19EADF8A0037C124 /* MainTabBarController.h */ = {isa = PBXFileReference; fileEncoding = 4; lastKnownFileType = sourcecode.c.h; path = MainTabBarController.h; sourceTree = "<group>"; };
		B45753CE19EADF8A0037C124 /* MainTabBarController.m */ = {isa = PBXFileReference; fileEncoding = 4; lastKnownFileType = sourcecode.c.objc; path = MainTabBarController.m; sourceTree = "<group>"; };
		B45753D019EAE0100037C124 /* AmigosViewController.h */ = {isa = PBXFileReference; fileEncoding = 4; lastKnownFileType = sourcecode.c.h; path = AmigosViewController.h; sourceTree = "<group>"; };
		B45753D119EAE0100037C124 /* AmigosViewController.m */ = {isa = PBXFileReference; fileEncoding = 4; lastKnownFileType = sourcecode.c.objc; path = AmigosViewController.m; sourceTree = "<group>"; };
		B45753D319EAE0480037C124 /* AerolineaViewController.h */ = {isa = PBXFileReference; fileEncoding = 4; lastKnownFileType = sourcecode.c.h; path = AerolineaViewController.h; sourceTree = "<group>"; };
		B45753D419EAE0480037C124 /* AerolineaViewController.m */ = {isa = PBXFileReference; fileEncoding = 4; lastKnownFileType = sourcecode.c.objc; path = AerolineaViewController.m; sourceTree = "<group>"; };
		B45753D619EAE0640037C124 /* FechasViewController.h */ = {isa = PBXFileReference; fileEncoding = 4; lastKnownFileType = sourcecode.c.h; path = FechasViewController.h; sourceTree = "<group>"; };
		B45753D719EAE0640037C124 /* FechasViewController.m */ = {isa = PBXFileReference; fileEncoding = 4; lastKnownFileType = sourcecode.c.objc; path = FechasViewController.m; sourceTree = "<group>"; };
		B457540E19EAE6840037C124 /* calendar02@2x.png */ = {isa = PBXFileReference; lastKnownFileType = image.png; path = "calendar02@2x.png"; sourceTree = "<group>"; };
		B457541019EAE69D0037C124 /* man01@2x.png */ = {isa = PBXFileReference; lastKnownFileType = image.png; path = "man01@2x.png"; sourceTree = "<group>"; };
		B457541219EAE6C50037C124 /* search01@2x.png */ = {isa = PBXFileReference; lastKnownFileType = image.png; path = "search01@2x.png"; sourceTree = "<group>"; };
		B457541419EAF7150037C124 /* Amiga1.png */ = {isa = PBXFileReference; lastKnownFileType = image.png; name = Amiga1.png; path = ../../../Downloads/Amiga1.png; sourceTree = "<group>"; };
		B457541519EAF7150037C124 /* Amiga2.png */ = {isa = PBXFileReference; lastKnownFileType = image.png; name = Amiga2.png; path = ../../../Downloads/Amiga2.png; sourceTree = "<group>"; };
		B457541619EAF7150037C124 /* Amiga3.jpg */ = {isa = PBXFileReference; lastKnownFileType = image.jpeg; name = Amiga3.jpg; path = ../../../Downloads/Amiga3.jpg; sourceTree = "<group>"; };
		B457541719EAF7150037C124 /* Amigo1.jpg */ = {isa = PBXFileReference; lastKnownFileType = image.jpeg; name = Amigo1.jpg; path = ../../../Downloads/Amigo1.jpg; sourceTree = "<group>"; };
		B457541819EAF7150037C124 /* Amigo2.jpg */ = {isa = PBXFileReference; lastKnownFileType = image.jpeg; name = Amigo2.jpg; path = ../../../Downloads/Amigo2.jpg; sourceTree = "<group>"; };
		B457541919EAF7150037C124 /* Amigo3.jpg */ = {isa = PBXFileReference; lastKnownFileType = image.jpeg; name = Amigo3.jpg; path = ../../../Downloads/Amigo3.jpg; sourceTree = "<group>"; };
		B457542019EAFA880037C124 /* Declarations.h */ = {isa = PBXFileReference; fileEncoding = 4; lastKnownFileType = sourcecode.c.h; path = Declarations.h; sourceTree = "<group>"; };
		B457542119EAFA880037C124 /* Declarations.m */ = {isa = PBXFileReference; fileEncoding = 4; lastKnownFileType = sourcecode.c.objc; path = Declarations.m; sourceTree = "<group>"; };
		B457542319EAFB8C0037C124 /* cellFriend.h */ = {isa = PBXFileReference; fileEncoding = 4; lastKnownFileType = sourcecode.c.h; path = cellFriend.h; sourceTree = "<group>"; };
		B457542419EAFB8C0037C124 /* cellFriend.m */ = {isa = PBXFileReference; fileEncoding = 4; lastKnownFileType = sourcecode.c.objc; path = cellFriend.m; sourceTree = "<group>"; };
		B457542619EB2E2E0037C124 /* Amigos.jpg */ = {isa = PBXFileReference; lastKnownFileType = image.jpeg; name = Amigos.jpg; path = ../../../Downloads/Amigos.jpg; sourceTree = "<group>"; };
		B49978D619ECEE6C00170E1D /* aeromexico.png */ = {isa = PBXFileReference; lastKnownFileType = image.png; name = aeromexico.png; path = ../../../Downloads/aeromexico.png; sourceTree = "<group>"; };
		B49978D819ECEE9E00170E1D /* interjet.jpg */ = {isa = PBXFileReference; lastKnownFileType = image.jpeg; name = interjet.jpg; path = ../../../Downloads/interjet.jpg; sourceTree = "<group>"; };
		B49978DA19ECEEC200170E1D /* vivaaero.png */ = {isa = PBXFileReference; lastKnownFileType = image.png; name = vivaaero.png; path = ../../../Downloads/vivaaero.png; sourceTree = "<group>"; };
		B49978DC19ECEEDA00170E1D /* volaris.jpg */ = {isa = PBXFileReference; lastKnownFileType = image.jpeg; name = volaris.jpg; path = ../../../Downloads/volaris.jpg; sourceTree = "<group>"; };
		B4FA627F19EADE5A007C0AFC /* Lab3.app */ = {isa = PBXFileReference; explicitFileType = wrapper.application; includeInIndex = 0; path = Lab3.app; sourceTree = BUILT_PRODUCTS_DIR; };
		B4FA628219EADE5A007C0AFC /* Foundation.framework */ = {isa = PBXFileReference; lastKnownFileType = wrapper.framework; name = Foundation.framework; path = System/Library/Frameworks/Foundation.framework; sourceTree = SDKROOT; };
		B4FA628419EADE5A007C0AFC /* CoreGraphics.framework */ = {isa = PBXFileReference; lastKnownFileType = wrapper.framework; name = CoreGraphics.framework; path = System/Library/Frameworks/CoreGraphics.framework; sourceTree = SDKROOT; };
		B4FA628619EADE5A007C0AFC /* UIKit.framework */ = {isa = PBXFileReference; lastKnownFileType = wrapper.framework; name = UIKit.framework; path = System/Library/Frameworks/UIKit.framework; sourceTree = SDKROOT; };
		B4FA628A19EADE5A007C0AFC /* Lab3-Info.plist */ = {isa = PBXFileReference; lastKnownFileType = text.plist.xml; path = "Lab3-Info.plist"; sourceTree = "<group>"; };
		B4FA628C19EADE5A007C0AFC /* en */ = {isa = PBXFileReference; lastKnownFileType = text.plist.strings; name = en; path = en.lproj/InfoPlist.strings; sourceTree = "<group>"; };
		B4FA628E19EADE5A007C0AFC /* main.m */ = {isa = PBXFileReference; lastKnownFileType = sourcecode.c.objc; path = main.m; sourceTree = "<group>"; };
		B4FA629019EADE5A007C0AFC /* Lab3-Prefix.pch */ = {isa = PBXFileReference; lastKnownFileType = sourcecode.c.h; path = "Lab3-Prefix.pch"; sourceTree = "<group>"; };
		B4FA629119EADE5A007C0AFC /* AppDelegate.h */ = {isa = PBXFileReference; lastKnownFileType = sourcecode.c.h; path = AppDelegate.h; sourceTree = "<group>"; };
		B4FA629219EADE5B007C0AFC /* AppDelegate.m */ = {isa = PBXFileReference; lastKnownFileType = sourcecode.c.objc; path = AppDelegate.m; sourceTree = "<group>"; };
		B4FA629519EADE5B007C0AFC /* Base */ = {isa = PBXFileReference; lastKnownFileType = file.storyboard; name = Base; path = Base.lproj/Main.storyboard; sourceTree = "<group>"; };
		B4FA629A19EADE5B007C0AFC /* Images.xcassets */ = {isa = PBXFileReference; lastKnownFileType = folder.assetcatalog; path = Images.xcassets; sourceTree = "<group>"; };
		B4FA62A019EADE5B007C0AFC /* Lab3Tests.xctest */ = {isa = PBXFileReference; explicitFileType = wrapper.cfbundle; includeInIndex = 0; path = Lab3Tests.xctest; sourceTree = BUILT_PRODUCTS_DIR; };
		B4FA62A119EADE5B007C0AFC /* XCTest.framework */ = {isa = PBXFileReference; lastKnownFileType = wrapper.framework; name = XCTest.framework; path = Library/Frameworks/XCTest.framework; sourceTree = DEVELOPER_DIR; };
		B4FA62A919EADE5B007C0AFC /* Lab3Tests-Info.plist */ = {isa = PBXFileReference; lastKnownFileType = text.plist.xml; path = "Lab3Tests-Info.plist"; sourceTree = "<group>"; };
		B4FA62AB19EADE5B007C0AFC /* en */ = {isa = PBXFileReference; lastKnownFileType = text.plist.strings; name = en; path = en.lproj/InfoPlist.strings; sourceTree = "<group>"; };
		B4FA62AD19EADE5B007C0AFC /* Lab3Tests.m */ = {isa = PBXFileReference; lastKnownFileType = sourcecode.c.objc; path = Lab3Tests.m; sourceTree = "<group>"; };
/* End PBXFileReference section */

/* Begin PBXFrameworksBuildPhase section */
		B4FA627C19EADE5A007C0AFC /* Frameworks */ = {
			isa = PBXFrameworksBuildPhase;
			buildActionMask = 2147483647;
			files = (
				B4FA628519EADE5A007C0AFC /* CoreGraphics.framework in Frameworks */,
				B4FA628719EADE5A007C0AFC /* UIKit.framework in Frameworks */,
				B4FA628319EADE5A007C0AFC /* Foundation.framework in Frameworks */,
			);
			runOnlyForDeploymentPostprocessing = 0;
		};
		B4FA629D19EADE5B007C0AFC /* Frameworks */ = {
			isa = PBXFrameworksBuildPhase;
			buildActionMask = 2147483647;
			files = (
				B4FA62A219EADE5B007C0AFC /* XCTest.framework in Frameworks */,
				B4FA62A419EADE5B007C0AFC /* UIKit.framework in Frameworks */,
				B4FA62A319EADE5B007C0AFC /* Foundation.framework in Frameworks */,
			);
			runOnlyForDeploymentPostprocessing = 0;
		};
/* End PBXFrameworksBuildPhase section */

/* Begin PBXGroup section */
		B4FA627619EADE5A007C0AFC = {
			isa = PBXGroup;
			children = (
				B4FA628819EADE5A007C0AFC /* Lab3 */,
				B4FA62A719EADE5B007C0AFC /* Lab3Tests */,
				B4FA628119EADE5A007C0AFC /* Frameworks */,
				B4FA628019EADE5A007C0AFC /* Products */,
			);
			sourceTree = "<group>";
		};
		B4FA628019EADE5A007C0AFC /* Products */ = {
			isa = PBXGroup;
			children = (
				B4FA627F19EADE5A007C0AFC /* Lab3.app */,
				B4FA62A019EADE5B007C0AFC /* Lab3Tests.xctest */,
			);
			name = Products;
			sourceTree = "<group>";
		};
		B4FA628119EADE5A007C0AFC /* Frameworks */ = {
			isa = PBXGroup;
			children = (
				B4FA628219EADE5A007C0AFC /* Foundation.framework */,
				B4FA628419EADE5A007C0AFC /* CoreGraphics.framework */,
				B4FA628619EADE5A007C0AFC /* UIKit.framework */,
				B4FA62A119EADE5B007C0AFC /* XCTest.framework */,
			);
			name = Frameworks;
			sourceTree = "<group>";
		};
		B4FA628819EADE5A007C0AFC /* Lab3 */ = {
			isa = PBXGroup;
			children = (
				B4FA629119EADE5A007C0AFC /* AppDelegate.h */,
				B4FA629219EADE5B007C0AFC /* AppDelegate.m */,
				B4FA629419EADE5B007C0AFC /* Main.storyboard */,
				B49978D619ECEE6C00170E1D /* aeromexico.png */,
				B49978DC19ECEEDA00170E1D /* volaris.jpg */,
				B49978DA19ECEEC200170E1D /* vivaaero.png */,
				B49978D819ECEE9E00170E1D /* interjet.jpg */,
				B457542619EB2E2E0037C124 /* Amigos.jpg */,
				B457542019EAFA880037C124 /* Declarations.h */,
				B457542119EAFA880037C124 /* Declarations.m */,
				B457542319EAFB8C0037C124 /* cellFriend.h */,
				B457542419EAFB8C0037C124 /* cellFriend.m */,
				B457541419EAF7150037C124 /* Amiga1.png */,
				B457541519EAF7150037C124 /* Amiga2.png */,
				B457541619EAF7150037C124 /* Amiga3.jpg */,
				B457541719EAF7150037C124 /* Amigo1.jpg */,
				B457541819EAF7150037C124 /* Amigo2.jpg */,
				B457541919EAF7150037C124 /* Amigo3.jpg */,
				B457541219EAE6C50037C124 /* search01@2x.png */,
				B457541019EAE69D0037C124 /* man01@2x.png */,
				B457540E19EAE6840037C124 /* calendar02@2x.png */,
				B45753CD19EADF8A0037C124 /* MainTabBarController.h */,
				B45753CE19EADF8A0037C124 /* MainTabBarController.m */,
				B45753D019EAE0100037C124 /* AmigosViewController.h */,
				B45753D119EAE0100037C124 /* AmigosViewController.m */,
				B45753D319EAE0480037C124 /* AerolineaViewController.h */,
				B45753D419EAE0480037C124 /* AerolineaViewController.m */,
				B45753D619EAE0640037C124 /* FechasViewController.h */,
				B45753D719EAE0640037C124 /* FechasViewController.m */,
				B4FA629A19EADE5B007C0AFC /* Images.xcassets */,
				B4FA628919EADE5A007C0AFC /* Supporting Files */,
			);
			path = Lab3;
			sourceTree = "<group>";
		};
		B4FA628919EADE5A007C0AFC /* Supporting Files */ = {
			isa = PBXGroup;
			children = (
				B4FA628A19EADE5A007C0AFC /* Lab3-Info.plist */,
				B4FA628B19EADE5A007C0AFC /* InfoPlist.strings */,
				B4FA628E19EADE5A007C0AFC /* main.m */,
				B4FA629019EADE5A007C0AFC /* Lab3-Prefix.pch */,
			);
			name = "Supporting Files";
			sourceTree = "<group>";
		};
		B4FA62A719EADE5B007C0AFC /* Lab3Tests */ = {
			isa = PBXGroup;
			children = (
				B4FA62AD19EADE5B007C0AFC /* Lab3Tests.m */,
				B4FA62A819EADE5B007C0AFC /* Supporting Files */,
			);
			path = Lab3Tests;
			sourceTree = "<group>";
		};
		B4FA62A819EADE5B007C0AFC /* Supporting Files */ = {
			isa = PBXGroup;
			children = (
				B4FA62A919EADE5B007C0AFC /* Lab3Tests-Info.plist */,
				B4FA62AA19EADE5B007C0AFC /* InfoPlist.strings */,
			);
			name = "Supporting Files";
			sourceTree = "<group>";
		};
/* End PBXGroup section */

/* Begin PBXNativeTarget section */
		B4FA627E19EADE5A007C0AFC /* Lab3 */ = {
			isa = PBXNativeTarget;
			buildConfigurationList = B4FA62B119EADE5B007C0AFC /* Build configuration list for PBXNativeTarget "Lab3" */;
			buildPhases = (
				B4FA627B19EADE5A007C0AFC /* Sources */,
				B4FA627C19EADE5A007C0AFC /* Frameworks */,
				B4FA627D19EADE5A007C0AFC /* Resources */,
			);
			buildRules = (
			);
			dependencies = (
			);
			name = Lab3;
			productName = Lab3;
			productReference = B4FA627F19EADE5A007C0AFC /* Lab3.app */;
			productType = "com.apple.product-type.application";
		};
		B4FA629F19EADE5B007C0AFC /* Lab3Tests */ = {
			isa = PBXNativeTarget;
			buildConfigurationList = B4FA62B419EADE5B007C0AFC /* Build configuration list for PBXNativeTarget "Lab3Tests" */;
			buildPhases = (
				B4FA629C19EADE5B007C0AFC /* Sources */,
				B4FA629D19EADE5B007C0AFC /* Frameworks */,
				B4FA629E19EADE5B007C0AFC /* Resources */,
			);
			buildRules = (
			);
			dependencies = (
				B4FA62A619EADE5B007C0AFC /* PBXTargetDependency */,
			);
			name = Lab3Tests;
			productName = Lab3Tests;
			productReference = B4FA62A019EADE5B007C0AFC /* Lab3Tests.xctest */;
			productType = "com.apple.product-type.bundle.unit-test";
		};
/* End PBXNativeTarget section */

/* Begin PBXProject section */
		B4FA627719EADE5A007C0AFC /* Project object */ = {
			isa = PBXProject;
			attributes = {
				LastUpgradeCheck = 0510;
				TargetAttributes = {
					B4FA629F19EADE5B007C0AFC = {
						TestTargetID = B4FA627E19EADE5A007C0AFC;
					};
				};
			};
			buildConfigurationList = B4FA627A19EADE5A007C0AFC /* Build configuration list for PBXProject "Lab3" */;
			compatibilityVersion = "Xcode 3.2";
			developmentRegion = English;
			hasScannedForEncodings = 0;
			knownRegions = (
				en,
				Base,
			);
			mainGroup = B4FA627619EADE5A007C0AFC;
			productRefGroup = B4FA628019EADE5A007C0AFC /* Products */;
			projectDirPath = "";
			projectRoot = "";
			targets = (
				B4FA627E19EADE5A007C0AFC /* Lab3 */,
				B4FA629F19EADE5B007C0AFC /* Lab3Tests */,
			);
		};
/* End PBXProject section */

/* Begin PBXResourcesBuildPhase section */
		B4FA627D19EADE5A007C0AFC /* Resources */ = {
			isa = PBXResourcesBuildPhase;
			buildActionMask = 2147483647;
			files = (
				B4FA629B19EADE5B007C0AFC /* Images.xcassets in Resources */,
				B457541F19EAF7150037C124 /* Amigo3.jpg in Resources */,
				B457541E19EAF7150037C124 /* Amigo2.jpg in Resources */,
				B457541D19EAF7150037C124 /* Amigo1.jpg in Resources */,
				B4FA628D19EADE5A007C0AFC /* InfoPlist.strings in Resources */,
				B49978D919ECEE9E00170E1D /* interjet.jpg in Resources */,
				B457541119EAE69D0037C124 /* man01@2x.png in Resources */,
				B457540F19EAE6840037C124 /* calendar02@2x.png in Resources */,
				B49978D719ECEE6C00170E1D /* aeromexico.png in Resources */,
				B457541A19EAF7150037C124 /* Amiga1.png in Resources */,
				B49978DD19ECEEDA00170E1D /* volaris.jpg in Resources */,
				B4FA629619EADE5B007C0AFC /* Main.storyboard in Resources */,
				B457541B19EAF7150037C124 /* Amiga2.png in Resources */,
				B49978DB19ECEEC200170E1D /* vivaaero.png in Resources */,
				B457541319EAE6C50037C124 /* search01@2x.png in Resources */,
				B457541C19EAF7150037C124 /* Amiga3.jpg in Resources */,
				B457542719EB2E2E0037C124 /* Amigos.jpg in Resources */,
			);
			runOnlyForDeploymentPostprocessing = 0;
		};
		B4FA629E19EADE5B007C0AFC /* Resources */ = {
			isa = PBXResourcesBuildPhase;
			buildActionMask = 2147483647;
			files = (
				B4FA62AC19EADE5B007C0AFC /* InfoPlist.strings in Resources */,
			);
			runOnlyForDeploymentPostprocessing = 0;
		};
/* End PBXResourcesBuildPhase section */

/* Begin PBXSourcesBuildPhase section */
		B4FA627B19EADE5A007C0AFC /* Sources */ = {
			isa = PBXSourcesBuildPhase;
			buildActionMask = 2147483647;
			files = (
				B45753D219EAE0100037C124 /* AmigosViewController.m in Sources */,
				B4FA629319EADE5B007C0AFC /* AppDelegate.m in Sources */,
				B45753D819EAE0640037C124 /* FechasViewController.m in Sources */,
				B457542219EAFA880037C124 /* Declarations.m in Sources */,
				B4FA628F19EADE5A007C0AFC /* main.m in Sources */,
				B45753CF19EADF8A0037C124 /* MainTabBarController.m in Sources */,
				B45753D519EAE0480037C124 /* AerolineaViewController.m in Sources */,
				B457542519EAFB8C0037C124 /* cellFriend.m in Sources */,
			);
			runOnlyForDeploymentPostprocessing = 0;
		};
		B4FA629C19EADE5B007C0AFC /* Sources */ = {
			isa = PBXSourcesBuildPhase;
			buildActionMask = 2147483647;
			files = (
				B4FA62AE19EADE5B007C0AFC /* Lab3Tests.m in Sources */,
			);
			runOnlyForDeploymentPostprocessing = 0;
		};
/* End PBXSourcesBuildPhase section */

/* Begin PBXTargetDependency section */
		B4FA62A619EADE5B007C0AFC /* PBXTargetDependency */ = {
			isa = PBXTargetDependency;
			target = B4FA627E19EADE5A007C0AFC /* Lab3 */;
			targetProxy = B4FA62A519EADE5B007C0AFC /* PBXContainerItemProxy */;
		};
/* End PBXTargetDependency section */

/* Begin PBXVariantGroup section */
		B4FA628B19EADE5A007C0AFC /* InfoPlist.strings */ = {
			isa = PBXVariantGroup;
			children = (
				B4FA628C19EADE5A007C0AFC /* en */,
			);
			name = InfoPlist.strings;
			sourceTree = "<group>";
		};
		B4FA629419EADE5B007C0AFC /* Main.storyboard */ = {
			isa = PBXVariantGroup;
			children = (
				B4FA629519EADE5B007C0AFC /* Base */,
			);
			name = Main.storyboard;
			sourceTree = "<group>";
		};
		B4FA62AA19EADE5B007C0AFC /* InfoPlist.strings */ = {
			isa = PBXVariantGroup;
			children = (
				B4FA62AB19EADE5B007C0AFC /* en */,
			);
			name = InfoPlist.strings;
			sourceTree = "<group>";
		};
/* End PBXVariantGroup section */

/* Begin XCBuildConfiguration section */
		B4FA62AF19EADE5B007C0AFC /* Debug */ = {
			isa = XCBuildConfiguration;
			buildSettings = {
				ALWAYS_SEARCH_USER_PATHS = NO;
				CLANG_CXX_LANGUAGE_STANDARD = "gnu++0x";
				CLANG_CXX_LIBRARY = "libc++";
				CLANG_ENABLE_MODULES = YES;
				CLANG_ENABLE_OBJC_ARC = YES;
				CLANG_WARN_BOOL_CONVERSION = YES;
				CLANG_WARN_CONSTANT_CONVERSION = YES;
				CLANG_WARN_DIRECT_OBJC_ISA_USAGE = YES_ERROR;
				CLANG_WARN_EMPTY_BODY = YES;
				CLANG_WARN_ENUM_CONVERSION = YES;
				CLANG_WARN_INT_CONVERSION = YES;
				CLANG_WARN_OBJC_ROOT_CLASS = YES_ERROR;
				CLANG_WARN__DUPLICATE_METHOD_MATCH = YES;
				"CODE_SIGN_IDENTITY[sdk=iphoneos*]" = "iPhone Developer";
				COPY_PHASE_STRIP = NO;
				GCC_C_LANGUAGE_STANDARD = gnu99;
				GCC_DYNAMIC_NO_PIC = NO;
				GCC_OPTIMIZATION_LEVEL = 0;
				GCC_PREPROCESSOR_DEFINITIONS = (
					"DEBUG=1",
					"$(inherited)",
				);
				GCC_SYMBOLS_PRIVATE_EXTERN = NO;
				GCC_WARN_64_TO_32_BIT_CONVERSION = YES;
				GCC_WARN_ABOUT_RETURN_TYPE = YES_ERROR;
				GCC_WARN_UNDECLARED_SELECTOR = YES;
				GCC_WARN_UNINITIALIZED_AUTOS = YES_AGGRESSIVE;
				GCC_WARN_UNUSED_FUNCTION = YES;
				GCC_WARN_UNUSED_VARIABLE = YES;
				IPHONEOS_DEPLOYMENT_TARGET = 7.1;
				ONLY_ACTIVE_ARCH = YES;
				SDKROOT = iphoneos;
			};
			name = Debug;
		};
		B4FA62B019EADE5B007C0AFC /* Release */ = {
			isa = XCBuildConfiguration;
			buildSettings = {
				ALWAYS_SEARCH_USER_PATHS = NO;
				CLANG_CXX_LANGUAGE_STANDARD = "gnu++0x";
				CLANG_CXX_LIBRARY = "libc++";
				CLANG_ENABLE_MODULES = YES;
				CLANG_ENABLE_OBJC_ARC = YES;
				CLANG_WARN_BOOL_CONVERSION = YES;
				CLANG_WARN_CONSTANT_CONVERSION = YES;
				CLANG_WARN_DIRECT_OBJC_ISA_USAGE = YES_ERROR;
				CLANG_WARN_EMPTY_BODY = YES;
				CLANG_WARN_ENUM_CONVERSION = YES;
				CLANG_WARN_INT_CONVERSION = YES;
				CLANG_WARN_OBJC_ROOT_CLASS = YES_ERROR;
				CLANG_WARN__DUPLICATE_METHOD_MATCH = YES;
				"CODE_SIGN_IDENTITY[sdk=iphoneos*]" = "iPhone Developer";
				COPY_PHASE_STRIP = YES;
				ENABLE_NS_ASSERTIONS = NO;
				GCC_C_LANGUAGE_STANDARD = gnu99;
				GCC_WARN_64_TO_32_BIT_CONVERSION = YES;
				GCC_WARN_ABOUT_RETURN_TYPE = YES_ERROR;
				GCC_WARN_UNDECLARED_SELECTOR = YES;
				GCC_WARN_UNINITIALIZED_AUTOS = YES_AGGRESSIVE;
				GCC_WARN_UNUSED_FUNCTION = YES;
				GCC_WARN_UNUSED_VARIABLE = YES;
				IPHONEOS_DEPLOYMENT_TARGET = 7.1;
				SDKROOT = iphoneos;
				VALIDATE_PRODUCT = YES;
			};
			name = Release;
		};
		B4FA62B219EADE5B007C0AFC /* Debug */ = {
			isa = XCBuildConfiguration;
			buildSettings = {
				ASSETCATALOG_COMPILER_APPICON_NAME = AppIcon;
				ASSETCATALOG_COMPILER_LAUNCHIMAGE_NAME = LaunchImage;
				GCC_PRECOMPILE_PREFIX_HEADER = YES;
				GCC_PREFIX_HEADER = "Lab3/Lab3-Prefix.pch";
				INFOPLIST_FILE = "Lab3/Lab3-Info.plist";
				PRODUCT_NAME = "$(TARGET_NAME)";
				WRAPPER_EXTENSION = app;
			};
			name = Debug;
		};
		B4FA62B319EADE5B007C0AFC /* Release */ = {
			isa = XCBuildConfiguration;
			buildSettings = {
				ASSETCATALOG_COMPILER_APPICON_NAME = AppIcon;
				ASSETCATALOG_COMPILER_LAUNCHIMAGE_NAME = LaunchImage;
				GCC_PRECOMPILE_PREFIX_HEADER = YES;
				GCC_PREFIX_HEADER = "Lab3/Lab3-Prefix.pch";
				INFOPLIST_FILE = "Lab3/Lab3-Info.plist";
				PRODUCT_NAME = "$(TARGET_NAME)";
				WRAPPER_EXTENSION = app;
			};
			name = Release;
		};
		B4FA62B519EADE5B007C0AFC /* Debug */ = {
			isa = XCBuildConfiguration;
			buildSettings = {
				BUNDLE_LOADER = "$(BUILT_PRODUCTS_DIR)/Lab3.app/Lab3";
				FRAMEWORK_SEARCH_PATHS = (
					"$(SDKROOT)/Developer/Library/Frameworks",
					"$(inherited)",
					"$(DEVELOPER_FRAMEWORKS_DIR)",
				);
				GCC_PRECOMPILE_PREFIX_HEADER = YES;
				GCC_PREFIX_HEADER = "Lab3/Lab3-Prefix.pch";
				GCC_PREPROCESSOR_DEFINITIONS = (
					"DEBUG=1",
					"$(inherited)",
				);
				INFOPLIST_FILE = "Lab3Tests/Lab3Tests-Info.plist";
				PRODUCT_NAME = "$(TARGET_NAME)";
				TEST_HOST = "$(BUNDLE_LOADER)";
				WRAPPER_EXTENSION = xctest;
			};
			name = Debug;
		};
		B4FA62B619EADE5B007C0AFC /* Release */ = {
			isa = XCBuildConfiguration;
			buildSettings = {
				BUNDLE_LOADER = "$(BUILT_PRODUCTS_DIR)/Lab3.app/Lab3";
				FRAMEWORK_SEARCH_PATHS = (
					"$(SDKROOT)/Developer/Library/Frameworks",
					"$(inherited)",
					"$(DEVELOPER_FRAMEWORKS_DIR)",
				);
				GCC_PRECOMPILE_PREFIX_HEADER = YES;
				GCC_PREFIX_HEADER = "Lab3/Lab3-Prefix.pch";
				INFOPLIST_FILE = "Lab3Tests/Lab3Tests-Info.plist";
				PRODUCT_NAME = "$(TARGET_NAME)";
				TEST_HOST = "$(BUNDLE_LOADER)";
				WRAPPER_EXTENSION = xctest;
			};
			name = Release;
		};
/* End XCBuildConfiguration section */

/* Begin XCConfigurationList section */
		B4FA627A19EADE5A007C0AFC /* Build configuration list for PBXProject "Lab3" */ = {
			isa = XCConfigurationList;
			buildConfigurations = (
				B4FA62AF19EADE5B007C0AFC /* Debug */,
				B4FA62B019EADE5B007C0AFC /* Release */,
			);
			defaultConfigurationIsVisible = 0;
			defaultConfigurationName = Release;
		};
		B4FA62B119EADE5B007C0AFC /* Build configuration list for PBXNativeTarget "Lab3" */ = {
			isa = XCConfigurationList;
			buildConfigurations = (
				B4FA62B219EADE5B007C0AFC /* Debug */,
				B4FA62B319EADE5B007C0AFC /* Release */,
			);
			defaultConfigurationIsVisible = 0;
			defaultConfigurationName = Release;
		};
		B4FA62B419EADE5B007C0AFC /* Build configuration list for PBXNativeTarget "Lab3Tests" */ = {
			isa = XCConfigurationList;
			buildConfigurations = (
				B4FA62B519EADE5B007C0AFC /* Debug */,
				B4FA62B619EADE5B007C0AFC /* Release */,
			);
			defaultConfigurationIsVisible = 0;
			defaultConfigurationName = Release;
		};
/* End XCConfigurationList section */
	};
	rootObject = B4FA627719EADE5A007C0AFC /* Project object */;
}
